PODS:
  - DGCharts (5.0.0):
    - DGCharts/Core (= 5.0.0)
  - DGCharts/Core (5.0.0)

DEPENDENCIES:
  - DGCharts (~> 5.0.0)

SPEC REPOS:
  trunk:
    - DGCharts

SPEC CHECKSUMS:
  DGCharts: 6e0cf2644e8f81ad13f04caa8bc18502870a1c54

PODFILE CHECKSUM: c82c8ac4ccecd376ed98194645f8bbc3f184eefa

COCOAPODS: 1.16.2
