PODS:
  - DGCharts (5.0.0):
    - DGCharts/Core (= 5.0.0)
  - DGCharts/Core (5.0.0)

DEPENDENCIES:
  - DGCharts (~> 5.0.0)

SPEC REPOS:
  trunk:
    - DGCharts

SPEC CHECKSUMS:
  DGCharts: 6e0cf2644e8f81ad13f04caa8bc18502870a1c54

PODFILE CHECKSUM: a87aba5c1d5b364105eebe8ff4d952f66362d68b

COCOAPODS: 1.16.2
